
Microsoft Visual Studio Solution File, Format Version 12.00
# Visual Studio Version 17
VisualStudioVersion = 17.7.34031.279
MinimumVisualStudioVersion = 10.0.40219.1
Project("{FAE04EC0-301F-11D3-BF4B-00C04F79EFBC}") = "WPFCanvas_practice", "WPFCanvas_practice\WPFCanvas_practice.csproj", "{7211C9C4-6CCB-465A-9543-B2682549AB17}"
EndProject
Global
	GlobalSection(SolutionConfigurationPlatforms) = preSolution
		Debug|Any CPU = Debug|Any CPU
		Release|Any CPU = Release|Any CPU
	EndGlobalSection
	GlobalSection(ProjectConfigurationPlatforms) = postSolution
		{7211C9C4-6CCB-465A-9543-B2682549AB17}.Debug|Any CPU.ActiveCfg = Debug|Any CPU
		{7211C9C4-6CCB-465A-9543-B2682549AB17}.Debug|Any CPU.Build.0 = Debug|Any CPU
		{7211C9C4-6CCB-465A-9543-B2682549AB17}.Release|Any CPU.ActiveCfg = Release|Any CPU
		{7211C9C4-6CCB-465A-9543-B2682549AB17}.Release|Any CPU.Build.0 = Release|Any CPU
	EndGlobalSection
	GlobalSection(SolutionProperties) = preSolution
		HideSolutionNode = FALSE
	EndGlobalSection
	GlobalSection(ExtensibilityGlobals) = postSolution
		SolutionGuid = {7C69DE21-429A-49F2-91E2-C5742DDBC2E2}
	EndGlobalSection
EndGlobal
